
Microsoft Visual Studio Solution File, Format Version 12.00
# Visual Studio 15
VisualStudioVersion = 15.0.28307.271
MinimumVisualStudioVersion = 10.0.40219.1
Project("{FAE04EC0-301F-11D3-BF4B-00C04F79EFBC}") = "MyProgramIngeneringProject", "MyProgramIngeneringProject\MyProgramIngeneringProject.csproj", "{B53D9B00-BD6A-4985-8C9E-23084E33EEC3}"
EndProject
Global
	GlobalSection(SolutionConfigurationPlatforms) = preSolution
		Debug|Any CPU = Debug|Any CPU
		Release|Any CPU = Release|Any CPU
	EndGlobalSection
	GlobalSection(ProjectConfigurationPlatforms) = postSolution
		{B53D9B00-BD6A-4985-8C9E-23084E33EEC3}.Debug|Any CPU.ActiveCfg = Debug|Any CPU
		{B53D9B00-BD6A-4985-8C9E-23084E33EEC3}.Debug|Any CPU.Build.0 = Debug|Any CPU
		{B53D9B00-BD6A-4985-8C9E-23084E33EEC3}.Release|Any CPU.ActiveCfg = Release|Any CPU
		{B53D9B00-BD6A-4985-8C9E-23084E33EEC3}.Release|Any CPU.Build.0 = Release|Any CPU
	EndGlobalSection
	GlobalSection(SolutionProperties) = preSolution
		HideSolutionNode = FALSE
	EndGlobalSection
	GlobalSection(ExtensibilityGlobals) = postSolution
		SolutionGuid = {45028492-9824-48E4-ABA9-26B6D93E29F9}
	EndGlobalSection
EndGlobal
